
Microsoft Visual Studio Solution File, Format Version 10.00
# Visual Studio 2008
Project("{8BC9CEB8-8B4A-11D0-8D11-00A0C91BC942}") = "StatusLamp", "StatusLamp.vcproj", "{753C2BA7-822E-4CE2-8CF5-749DC34D0C5C}"
EndProject
Global
	GlobalSection(SolutionConfigurationPlatforms) = preSolution
		Debug|Win32 = Debug|Win32
		Release|Win32 = Release|Win32
	EndGlobalSection
	GlobalSection(ProjectConfigurationPlatforms) = postSolution
		{753C2BA7-822E-4CE2-8CF5-749DC34D0C5C}.Debug|Win32.ActiveCfg = Debug|Win32
		{753C2BA7-822E-4CE2-8CF5-749DC34D0C5C}.Debug|Win32.Build.0 = Debug|Win32
		{753C2BA7-822E-4CE2-8CF5-749DC34D0C5C}.Release|Win32.ActiveCfg = Release|Win32
		{753C2BA7-822E-4CE2-8CF5-749DC34D0C5C}.Release|Win32.Build.0 = Release|Win32
	EndGlobalSection
	GlobalSection(SolutionProperties) = preSolution
		HideSolutionNode = FALSE
	EndGlobalSection
EndGlobal
